
Microsoft Visual Studio Solution File, Format Version 12.00
# Visual Studio Version 17
VisualStudioVersion = 17.10.35122.118
MinimumVisualStudioVersion = 10.0.40219.1
Project("{FAE04EC0-301F-11D3-BF4B-00C04F79EFBC}") = "UsuariosApi", "UsuariosApi.csproj", "{53DFB375-B12D-45C4-BD4B-453AF019FD83}"
EndProject
Global
	GlobalSection(SolutionConfigurationPlatforms) = preSolution
		Debug|Any CPU = Debug|Any CPU
		Release|Any CPU = Release|Any CPU
	EndGlobalSection
	GlobalSection(ProjectConfigurationPlatforms) = postSolution
		{53DFB375-B12D-45C4-BD4B-453AF019FD83}.Debug|Any CPU.ActiveCfg = Debug|Any CPU
		{53DFB375-B12D-45C4-BD4B-453AF019FD83}.Debug|Any CPU.Build.0 = Debug|Any CPU
		{53DFB375-B12D-45C4-BD4B-453AF019FD83}.Release|Any CPU.ActiveCfg = Release|Any CPU
		{53DFB375-B12D-45C4-BD4B-453AF019FD83}.Release|Any CPU.Build.0 = Release|Any CPU
	EndGlobalSection
	GlobalSection(SolutionProperties) = preSolution
		HideSolutionNode = FALSE
	EndGlobalSection
	GlobalSection(ExtensibilityGlobals) = postSolution
		SolutionGuid = {E8343810-3752-41EB-9C25-BA8F5DC86DEC}
	EndGlobalSection
EndGlobal
